
Microsoft Visual Studio Solution File, Format Version 12.00
# Visual Studio Version 16
VisualStudioVersion = 16.0.31205.134
MinimumVisualStudioVersion = 10.0.40219.1
Project("{FAE04EC0-301F-11D3-BF4B-00C04F79EFBC}") = "SalesWebMvc", "SalesWebMvc\SalesWebMvc.csproj", "{346C871A-69F8-4A89-88E8-AC12127C5ED8}"
EndProject
Global
	GlobalSection(SolutionConfigurationPlatforms) = preSolution
		Debug|Any CPU = Debug|Any CPU
		Release|Any CPU = Release|Any CPU
	EndGlobalSection
	GlobalSection(ProjectConfigurationPlatforms) = postSolution
		{346C871A-69F8-4A89-88E8-AC12127C5ED8}.Debug|Any CPU.ActiveCfg = Debug|Any CPU
		{346C871A-69F8-4A89-88E8-AC12127C5ED8}.Debug|Any CPU.Build.0 = Debug|Any CPU
		{346C871A-69F8-4A89-88E8-AC12127C5ED8}.Release|Any CPU.ActiveCfg = Release|Any CPU
		{346C871A-69F8-4A89-88E8-AC12127C5ED8}.Release|Any CPU.Build.0 = Release|Any CPU
	EndGlobalSection
	GlobalSection(SolutionProperties) = preSolution
		HideSolutionNode = FALSE
	EndGlobalSection
	GlobalSection(ExtensibilityGlobals) = postSolution
		SolutionGuid = {E4B2F501-4904-49E9-BC28-ACB32A78AC7A}
	EndGlobalSection
EndGlobal
